
Microsoft Visual Studio Solution File, Format Version 12.00
# Visual Studio Version 17
VisualStudioVersion = 17.3.32819.101
MinimumVisualStudioVersion = 10.0.40219.1
Project("{FAE04EC0-301F-11D3-BF4B-00C04F79EFBC}") = "dbContext", "dbContext\dbContext.csproj", "{AAF30A60-3E23-4440-8DAD-0C07B61FC3B6}"
EndProject
Global
	GlobalSection(SolutionConfigurationPlatforms) = preSolution
		Debug|Any CPU = Debug|Any CPU
		Release|Any CPU = Release|Any CPU
	EndGlobalSection
	GlobalSection(ProjectConfigurationPlatforms) = postSolution
		{AAF30A60-3E23-4440-8DAD-0C07B61FC3B6}.Debug|Any CPU.ActiveCfg = Debug|Any CPU
		{AAF30A60-3E23-4440-8DAD-0C07B61FC3B6}.Debug|Any CPU.Build.0 = Debug|Any CPU
		{AAF30A60-3E23-4440-8DAD-0C07B61FC3B6}.Release|Any CPU.ActiveCfg = Release|Any CPU
		{AAF30A60-3E23-4440-8DAD-0C07B61FC3B6}.Release|Any CPU.Build.0 = Release|Any CPU
	EndGlobalSection
	GlobalSection(SolutionProperties) = preSolution
		HideSolutionNode = FALSE
	EndGlobalSection
	GlobalSection(ExtensibilityGlobals) = postSolution
		SolutionGuid = {59337C80-F7FB-40FC-AEB8-05E21EC1FAA2}
	EndGlobalSection
EndGlobal
